// !$*UTF8*$!
{
	archiveVersion = 1;
	classes = {
	};
	objectVersion = 46;
	objects = {

/* Begin PBXBuildFile section */
		A10E144F1F64FB36007DC661 /* AppDelegate.swift in Sources */ = {isa = PBXBuildFile; fileRef = A10E144E1F64FB36007DC661 /* AppDelegate.swift */; };
		A10E14511F64FB36007DC661 /* ViewController.swift in Sources */ = {isa = PBXBuildFile; fileRef = A10E14501F64FB36007DC661 /* ViewController.swift */; };
		A10E14541F64FB36007DC661 /* Main.storyboard in Resources */ = {isa = PBXBuildFile; fileRef = A10E14521F64FB36007DC661 /* Main.storyboard */; };
		A10E14561F64FB36007DC661 /* Assets.xcassets in Resources */ = {isa = PBXBuildFile; fileRef = A10E14551F64FB36007DC661 /* Assets.xcassets */; };
		A10E14591F64FB36007DC661 /* LaunchScreen.storyboard in Resources */ = {isa = PBXBuildFile; fileRef = A10E14571F64FB36007DC661 /* LaunchScreen.storyboard */; };
		A1933B871F6503030048916E /* KMApiRequest.swift in Sources */ = {isa = PBXBuildFile; fileRef = A1933B861F6503030048916E /* KMApiRequest.swift */; };
		A198E6661F777234000A7137 /* KMInfoDetailViewController.swift in Sources */ = {isa = PBXBuildFile; fileRef = A198E6651F777234000A7137 /* KMInfoDetailViewController.swift */; };
		B51FD7B57E5FC382704D4376 /* Pods_KoreaMountains.framework in Frameworks */ = {isa = PBXBuildFile; fileRef = 6B7E4F95960813606EE6809C /* Pods_KoreaMountains.framework */; };
/* End PBXBuildFile section */

/* Begin PBXFileReference section */
		6B7E4F95960813606EE6809C /* Pods_KoreaMountains.framework */ = {isa = PBXFileReference; explicitFileType = wrapper.framework; includeInIndex = 0; path = Pods_KoreaMountains.framework; sourceTree = BUILT_PRODUCTS_DIR; };
		A10E144B1F64FB36007DC661 /* KoreaMountains.app */ = {isa = PBXFileReference; explicitFileType = wrapper.application; includeInIndex = 0; path = KoreaMountains.app; sourceTree = BUILT_PRODUCTS_DIR; };
		A10E144E1F64FB36007DC661 /* AppDelegate.swift */ = {isa = PBXFileReference; lastKnownFileType = sourcecode.swift; path = AppDelegate.swift; sourceTree = "<group>"; };
		A10E14501F64FB36007DC661 /* ViewController.swift */ = {isa = PBXFileReference; lastKnownFileType = sourcecode.swift; path = ViewController.swift; sourceTree = "<group>"; };
		A10E14531F64FB36007DC661 /* Base */ = {isa = PBXFileReference; lastKnownFileType = file.storyboard; name = Base; path = Base.lproj/Main.storyboard; sourceTree = "<group>"; };
		A10E14551F64FB36007DC661 /* Assets.xcassets */ = {isa = PBXFileReference; lastKnownFileType = folder.assetcatalog; path = Assets.xcassets; sourceTree = "<group>"; };
		A10E14581F64FB36007DC661 /* Base */ = {isa = PBXFileReference; lastKnownFileType = file.storyboard; name = Base; path = Base.lproj/LaunchScreen.storyboard; sourceTree = "<group>"; };
		A10E145A1F64FB36007DC661 /* Info.plist */ = {isa = PBXFileReference; lastKnownFileType = text.plist.xml; path = Info.plist; sourceTree = "<group>"; };
		A1933B861F6503030048916E /* KMApiRequest.swift */ = {isa = PBXFileReference; fileEncoding = 4; lastKnownFileType = sourcecode.swift; path = KMApiRequest.swift; sourceTree = "<group>"; };
		A198E6651F777234000A7137 /* KMInfoDetailViewController.swift */ = {isa = PBXFileReference; lastKnownFileType = sourcecode.swift; path = KMInfoDetailViewController.swift; sourceTree = "<group>"; };
		CAB489D7DA77B778C3248500 /* Pods-KoreaMountains.release.xcconfig */ = {isa = PBXFileReference; includeInIndex = 1; lastKnownFileType = text.xcconfig; name = "Pods-KoreaMountains.release.xcconfig"; path = "Pods/Target Support Files/Pods-KoreaMountains/Pods-KoreaMountains.release.xcconfig"; sourceTree = "<group>"; };
		F54FBCFFE7ECEB6950284F19 /* Pods-KoreaMountains.debug.xcconfig */ = {isa = PBXFileReference; includeInIndex = 1; lastKnownFileType = text.xcconfig; name = "Pods-KoreaMountains.debug.xcconfig"; path = "Pods/Target Support Files/Pods-KoreaMountains/Pods-KoreaMountains.debug.xcconfig"; sourceTree = "<group>"; };
/* End PBXFileReference section */

/* Begin PBXFrameworksBuildPhase section */
		A10E14481F64FB36007DC661 /* Frameworks */ = {
			isa = PBXFrameworksBuildPhase;
			buildActionMask = 2147483647;
			files = (
				B51FD7B57E5FC382704D4376 /* Pods_KoreaMountains.framework in Frameworks */,
			);
			runOnlyForDeploymentPostprocessing = 0;
		};
/* End PBXFrameworksBuildPhase section */

/* Begin PBXGroup section */
		A10E14421F64FB36007DC661 = {
			isa = PBXGroup;
			children = (
				A10E144D1F64FB36007DC661 /* KoreaMountains */,
				A10E144C1F64FB36007DC661 /* Products */,
				AB444E74D08DD3FFF926CA34 /* Pods */,
				DAA22B7A6815EB1B7C306975 /* Frameworks */,
			);
			sourceTree = "<group>";
		};
		A10E144C1F64FB36007DC661 /* Products */ = {
			isa = PBXGroup;
			children = (
				A10E144B1F64FB36007DC661 /* KoreaMountains.app */,
			);
			name = Products;
			sourceTree = "<group>";
		};
		A10E144D1F64FB36007DC661 /* KoreaMountains */ = {
			isa = PBXGroup;
			children = (
				A10E144E1F64FB36007DC661 /* AppDelegate.swift */,
				A10E14501F64FB36007DC661 /* ViewController.swift */,
				A10E14521F64FB36007DC661 /* Main.storyboard */,
				A10E14551F64FB36007DC661 /* Assets.xcassets */,
				A10E14571F64FB36007DC661 /* LaunchScreen.storyboard */,
				A10E145A1F64FB36007DC661 /* Info.plist */,
				A1933B861F6503030048916E /* KMApiRequest.swift */,
				A198E6651F777234000A7137 /* KMInfoDetailViewController.swift */,
			);
			path = KoreaMountains;
			sourceTree = "<group>";
		};
		AB444E74D08DD3FFF926CA34 /* Pods */ = {
			isa = PBXGroup;
			children = (
				F54FBCFFE7ECEB6950284F19 /* Pods-KoreaMountains.debug.xcconfig */,
				CAB489D7DA77B778C3248500 /* Pods-KoreaMountains.release.xcconfig */,
			);
			name = Pods;
			sourceTree = "<group>";
		};
		DAA22B7A6815EB1B7C306975 /* Frameworks */ = {
			isa = PBXGroup;
			children = (
				6B7E4F95960813606EE6809C /* Pods_KoreaMountains.framework */,
			);
			name = Frameworks;
			sourceTree = "<group>";
		};
/* End PBXGroup section */

/* Begin PBXNativeTarget section */
		A10E144A1F64FB36007DC661 /* KoreaMountains */ = {
			isa = PBXNativeTarget;
			buildConfigurationList = A10E145D1F64FB36007DC661 /* Build configuration list for PBXNativeTarget "KoreaMountains" */;
			buildPhases = (
				9E0B791C28DB6A12E85C38D6 /* [CP] Check Pods Manifest.lock */,
				A10E14471F64FB36007DC661 /* Sources */,
				A10E14481F64FB36007DC661 /* Frameworks */,
				A10E14491F64FB36007DC661 /* Resources */,
				A24590F3FF1DBF05CB4C258A /* [CP] Embed Pods Frameworks */,
				6E6AF63C2BEC27CA48BC4FD2 /* [CP] Copy Pods Resources */,
			);
			buildRules = (
			);
			dependencies = (
			);
			name = KoreaMountains;
			productName = KoreaMountains;
			productReference = A10E144B1F64FB36007DC661 /* KoreaMountains.app */;
			productType = "com.apple.product-type.application";
		};
/* End PBXNativeTarget section */

/* Begin PBXProject section */
		A10E14431F64FB36007DC661 /* Project object */ = {
			isa = PBXProject;
			attributes = {
				LastSwiftUpdateCheck = 0830;
				LastUpgradeCheck = 0830;
				ORGANIZATIONNAME = Emily;
				TargetAttributes = {
					A10E144A1F64FB36007DC661 = {
						CreatedOnToolsVersion = 8.3.3;
						DevelopmentTeam = 38YE9MMMT4;
						ProvisioningStyle = Automatic;
					};
				};
			};
			buildConfigurationList = A10E14461F64FB36007DC661 /* Build configuration list for PBXProject "KoreaMountains" */;
			compatibilityVersion = "Xcode 3.2";
			developmentRegion = English;
			hasScannedForEncodings = 0;
			knownRegions = (
				en,
				Base,
			);
			mainGroup = A10E14421F64FB36007DC661;
			productRefGroup = A10E144C1F64FB36007DC661 /* Products */;
			projectDirPath = "";
			projectRoot = "";
			targets = (
				A10E144A1F64FB36007DC661 /* KoreaMountains */,
			);
		};
/* End PBXProject section */

/* Begin PBXResourcesBuildPhase section */
		A10E14491F64FB36007DC661 /* Resources */ = {
			isa = PBXResourcesBuildPhase;
			buildActionMask = 2147483647;
			files = (
				A10E14591F64FB36007DC661 /* LaunchScreen.storyboard in Resources */,
				A10E14561F64FB36007DC661 /* Assets.xcassets in Resources */,
				A10E14541F64FB36007DC661 /* Main.storyboard in Resources */,
			);
			runOnlyForDeploymentPostprocessing = 0;
		};
/* End PBXResourcesBuildPhase section */

/* Begin PBXShellScriptBuildPhase section */
		6E6AF63C2BEC27CA48BC4FD2 /* [CP] Copy Pods Resources */ = {
			isa = PBXShellScriptBuildPhase;
			buildActionMask = 2147483647;
			files = (
			);
			inputPaths = (
			);
			name = "[CP] Copy Pods Resources";
			outputPaths = (
			);
			runOnlyForDeploymentPostprocessing = 0;
			shellPath = /bin/sh;
			shellScript = "\"${SRCROOT}/Pods/Target Support Files/Pods-KoreaMountains/Pods-KoreaMountains-resources.sh\"\n";
			showEnvVarsInLog = 0;
		};
		9E0B791C28DB6A12E85C38D6 /* [CP] Check Pods Manifest.lock */ = {
			isa = PBXShellScriptBuildPhase;
			buildActionMask = 2147483647;
			files = (
			);
			inputPaths = (
				"${PODS_PODFILE_DIR_PATH}/Podfile.lock",
				"${PODS_ROOT}/Manifest.lock",
			);
			name = "[CP] Check Pods Manifest.lock";
			outputPaths = (
				"$(DERIVED_FILE_DIR)/Pods-KoreaMountains-checkManifestLockResult.txt",
			);
			runOnlyForDeploymentPostprocessing = 0;
			shellPath = /bin/sh;
			shellScript = "diff \"${PODS_PODFILE_DIR_PATH}/Podfile.lock\" \"${PODS_ROOT}/Manifest.lock\" > /dev/null\nif [ $? != 0 ] ; then\n    # print error to STDERR\n    echo \"error: The sandbox is not in sync with the Podfile.lock. Run 'pod install' or update your CocoaPods installation.\" >&2\n    exit 1\nfi\n# This output is used by Xcode 'outputs' to avoid re-running this script phase.\necho \"SUCCESS\" > \"${SCRIPT_OUTPUT_FILE_0}\"\n";
			showEnvVarsInLog = 0;
		};
		A24590F3FF1DBF05CB4C258A /* [CP] Embed Pods Frameworks */ = {
			isa = PBXShellScriptBuildPhase;
			buildActionMask = 2147483647;
			files = (
			);
			inputPaths = (
				"${SRCROOT}/Pods/Target Support Files/Pods-KoreaMountains/Pods-KoreaMountains-frameworks.sh",
				"${BUILT_PRODUCTS_DIR}/Alamofire/Alamofire.framework",
				"${BUILT_PRODUCTS_DIR}/Nuke/Nuke.framework",
			);
			name = "[CP] Embed Pods Frameworks";
			outputPaths = (
				"${TARGET_BUILD_DIR}/${FRAMEWORKS_FOLDER_PATH}/Alamofire.framework",
				"${TARGET_BUILD_DIR}/${FRAMEWORKS_FOLDER_PATH}/Nuke.framework",
			);
			runOnlyForDeploymentPostprocessing = 0;
			shellPath = /bin/sh;
			shellScript = "\"${SRCROOT}/Pods/Target Support Files/Pods-KoreaMountains/Pods-KoreaMountains-frameworks.sh\"\n";
			showEnvVarsInLog = 0;
		};
/* End PBXShellScriptBuildPhase section */

/* Begin PBXSourcesBuildPhase section */
		A10E14471F64FB36007DC661 /* Sources */ = {
			isa = PBXSourcesBuildPhase;
			buildActionMask = 2147483647;
			files = (
				A10E14511F64FB36007DC661 /* ViewController.swift in Sources */,
				A10E144F1F64FB36007DC661 /* AppDelegate.swift in Sources */,
				A198E6661F777234000A7137 /* KMInfoDetailViewController.swift in Sources */,
				A1933B871F6503030048916E /* KMApiRequest.swift in Sources */,
			);
			runOnlyForDeploymentPostprocessing = 0;
		};
/* End PBXSourcesBuildPhase section */

/* Begin PBXVariantGroup section */
		A10E14521F64FB36007DC661 /* Main.storyboard */ = {
			isa = PBXVariantGroup;
			children = (
				A10E14531F64FB36007DC661 /* Base */,
			);
			name = Main.storyboard;
			sourceTree = "<group>";
		};
		A10E14571F64FB36007DC661 /* LaunchScreen.storyboard */ = {
			isa = PBXVariantGroup;
			children = (
				A10E14581F64FB36007DC661 /* Base */,
			);
			name = LaunchScreen.storyboard;
			sourceTree = "<group>";
		};
/* End PBXVariantGroup section */

/* Begin XCBuildConfiguration section */
		A10E145B1F64FB36007DC661 /* Debug */ = {
			isa = XCBuildConfiguration;
			buildSettings = {
				ALWAYS_SEARCH_USER_PATHS = NO;
				CLANG_ANALYZER_NONNULL = YES;
				CLANG_ANALYZER_NUMBER_OBJECT_CONVERSION = YES_AGGRESSIVE;
				CLANG_CXX_LANGUAGE_STANDARD = "gnu++0x";
				CLANG_CXX_LIBRARY = "libc++";
				CLANG_ENABLE_MODULES = YES;
				CLANG_ENABLE_OBJC_ARC = YES;
				CLANG_WARN_BOOL_CONVERSION = YES;
				CLANG_WARN_CONSTANT_CONVERSION = YES;
				CLANG_WARN_DIRECT_OBJC_ISA_USAGE = YES_ERROR;
				CLANG_WARN_DOCUMENTATION_COMMENTS = YES;
				CLANG_WARN_EMPTY_BODY = YES;
				CLANG_WARN_ENUM_CONVERSION = YES;
				CLANG_WARN_INFINITE_RECURSION = YES;
				CLANG_WARN_INT_CONVERSION = YES;
				CLANG_WARN_OBJC_ROOT_CLASS = YES_ERROR;
				CLANG_WARN_SUSPICIOUS_MOVE = YES;
				CLANG_WARN_UNREACHABLE_CODE = YES;
				CLANG_WARN__DUPLICATE_METHOD_MATCH = YES;
				"CODE_SIGN_IDENTITY[sdk=iphoneos*]" = "iPhone Developer";
				COPY_PHASE_STRIP = NO;
				DEBUG_INFORMATION_FORMAT = dwarf;
				ENABLE_STRICT_OBJC_MSGSEND = YES;
				ENABLE_TESTABILITY = YES;
				GCC_C_LANGUAGE_STANDARD = gnu99;
				GCC_DYNAMIC_NO_PIC = NO;
				GCC_NO_COMMON_BLOCKS = YES;
				GCC_OPTIMIZATION_LEVEL = 0;
				GCC_PREPROCESSOR_DEFINITIONS = (
					"DEBUG=1",
					"$(inherited)",
				);
				GCC_WARN_64_TO_32_BIT_CONVERSION = YES;
				GCC_WARN_ABOUT_RETURN_TYPE = YES_ERROR;
				GCC_WARN_UNDECLARED_SELECTOR = YES;
				GCC_WARN_UNINITIALIZED_AUTOS = YES_AGGRESSIVE;
				GCC_WARN_UNUSED_FUNCTION = YES;
				GCC_WARN_UNUSED_VARIABLE = YES;
				IPHONEOS_DEPLOYMENT_TARGET = 10.3;
				MTL_ENABLE_DEBUG_INFO = YES;
				ONLY_ACTIVE_ARCH = YES;
				SDKROOT = iphoneos;
				SWIFT_ACTIVE_COMPILATION_CONDITIONS = DEBUG;
				SWIFT_OPTIMIZATION_LEVEL = "-Onone";
			};
			name = Debug;
		};
		A10E145C1F64FB36007DC661 /* Release */ = {
			isa = XCBuildConfiguration;
			buildSettings = {
				ALWAYS_SEARCH_USER_PATHS = NO;
				CLANG_ANALYZER_NONNULL = YES;
				CLANG_ANALYZER_NUMBER_OBJECT_CONVERSION = YES_AGGRESSIVE;
				CLANG_CXX_LANGUAGE_STANDARD = "gnu++0x";
				CLANG_CXX_LIBRARY = "libc++";
				CLANG_ENABLE_MODULES = YES;
				CLANG_ENABLE_OBJC_ARC = YES;
				CLANG_WARN_BOOL_CONVERSION = YES;
				CLANG_WARN_CONSTANT_CONVERSION = YES;
				CLANG_WARN_DIRECT_OBJC_ISA_USAGE = YES_ERROR;
				CLANG_WARN_DOCUMENTATION_COMMENTS = YES;
				CLANG_WARN_EMPTY_BODY = YES;
				CLANG_WARN_ENUM_CONVERSION = YES;
				CLANG_WARN_INFINITE_RECURSION = YES;
				CLANG_WARN_INT_CONVERSION = YES;
				CLANG_WARN_OBJC_ROOT_CLASS = YES_ERROR;
				CLANG_WARN_SUSPICIOUS_MOVE = YES;
				CLANG_WARN_UNREACHABLE_CODE = YES;
				CLANG_WARN__DUPLICATE_METHOD_MATCH = YES;
				"CODE_SIGN_IDENTITY[sdk=iphoneos*]" = "iPhone Developer";
				COPY_PHASE_STRIP = NO;
				DEBUG_INFORMATION_FORMAT = "dwarf-with-dsym";
				ENABLE_NS_ASSERTIONS = NO;
				ENABLE_STRICT_OBJC_MSGSEND = YES;
				GCC_C_LANGUAGE_STANDARD = gnu99;
				GCC_NO_COMMON_BLOCKS = YES;
				GCC_WARN_64_TO_32_BIT_CONVERSION = YES;
				GCC_WARN_ABOUT_RETURN_TYPE = YES_ERROR;
				GCC_WARN_UNDECLARED_SELECTOR = YES;
				GCC_WARN_UNINITIALIZED_AUTOS = YES_AGGRESSIVE;
				GCC_WARN_UNUSED_FUNCTION = YES;
				GCC_WARN_UNUSED_VARIABLE = YES;
				IPHONEOS_DEPLOYMENT_TARGET = 10.3;
				MTL_ENABLE_DEBUG_INFO = NO;
				SDKROOT = iphoneos;
				SWIFT_OPTIMIZATION_LEVEL = "-Owholemodule";
				VALIDATE_PRODUCT = YES;
			};
			name = Release;
		};
		A10E145E1F64FB36007DC661 /* Debug */ = {
			isa = XCBuildConfiguration;
			baseConfigurationReference = F54FBCFFE7ECEB6950284F19 /* Pods-KoreaMountains.debug.xcconfig */;
			buildSettings = {
				ASSETCATALOG_COMPILER_APPICON_NAME = AppIcon;
				DEVELOPMENT_TEAM = 38YE9MMMT4;
				INFOPLIST_FILE = KoreaMountains/Info.plist;
				LD_RUNPATH_SEARCH_PATHS = "$(inherited) @executable_path/Frameworks";
				PRODUCT_BUNDLE_IDENTIFIER = com.myself.KoreaMountains;
				PRODUCT_NAME = "$(TARGET_NAME)";
				SWIFT_VERSION = 3.0;
			};
			name = Debug;
		};
		A10E145F1F64FB36007DC661 /* Release */ = {
			isa = XCBuildConfiguration;
			baseConfigurationReference = CAB489D7DA77B778C3248500 /* Pods-KoreaMountains.release.xcconfig */;
			buildSettings = {
				ASSETCATALOG_COMPILER_APPICON_NAME = AppIcon;
				DEVELOPMENT_TEAM = 38YE9MMMT4;
				INFOPLIST_FILE = KoreaMountains/Info.plist;
				LD_RUNPATH_SEARCH_PATHS = "$(inherited) @executable_path/Frameworks";
				PRODUCT_BUNDLE_IDENTIFIER = com.myself.KoreaMountains;
				PRODUCT_NAME = "$(TARGET_NAME)";
				SWIFT_VERSION = 3.0;
			};
			name = Release;
		};
/* End XCBuildConfiguration section */

/* Begin XCConfigurationList section */
		A10E14461F64FB36007DC661 /* Build configuration list for PBXProject "KoreaMountains" */ = {
			isa = XCConfigurationList;
			buildConfigurations = (
				A10E145B1F64FB36007DC661 /* Debug */,
				A10E145C1F64FB36007DC661 /* Release */,
			);
			defaultConfigurationIsVisible = 0;
			defaultConfigurationName = Release;
		};
		A10E145D1F64FB36007DC661 /* Build configuration list for PBXNativeTarget "KoreaMountains" */ = {
			isa = XCConfigurationList;
			buildConfigurations = (
				A10E145E1F64FB36007DC661 /* Debug */,
				A10E145F1F64FB36007DC661 /* Release */,
			);
			defaultConfigurationIsVisible = 0;
			defaultConfigurationName = Release;
		};
/* End XCConfigurationList section */
	};
	rootObject = A10E14431F64FB36007DC661 /* Project object */;
}
